
Microsoft Visual Studio Solution File, Format Version 12.00
# Visual Studio Version 16
VisualStudioVersion = 16.0.31424.327
MinimumVisualStudioVersion = 10.0.40219.1
Project("{FAE04EC0-301F-11D3-BF4B-00C04F79EFBC}") = "OCP", "OCP.csproj", "{22C4511E-C673-47B5-8FA0-F128F9907088}"
EndProject
Global
	GlobalSection(SolutionConfigurationPlatforms) = preSolution
		Debug|Any CPU = Debug|Any CPU
		Release|Any CPU = Release|Any CPU
	EndGlobalSection
	GlobalSection(ProjectConfigurationPlatforms) = postSolution
		{22C4511E-C673-47B5-8FA0-F128F9907088}.Debug|Any CPU.ActiveCfg = Debug|Any CPU
		{22C4511E-C673-47B5-8FA0-F128F9907088}.Debug|Any CPU.Build.0 = Debug|Any CPU
		{22C4511E-C673-47B5-8FA0-F128F9907088}.Release|Any CPU.ActiveCfg = Release|Any CPU
		{22C4511E-C673-47B5-8FA0-F128F9907088}.Release|Any CPU.Build.0 = Release|Any CPU
	EndGlobalSection
	GlobalSection(SolutionProperties) = preSolution
		HideSolutionNode = FALSE
	EndGlobalSection
	GlobalSection(ExtensibilityGlobals) = postSolution
		SolutionGuid = {AD79B859-7715-4102-BB8B-3BB7ECEDC0AC}
	EndGlobalSection
EndGlobal
